
Microsoft Visual Studio Solution File, Format Version 12.00
# Visual Studio 15
VisualStudioVersion = 15.0.28307.902
MinimumVisualStudioVersion = 10.0.40219.1
Project("{8BC9CEB8-8B4A-11D0-8D11-00A0C91BC942}") = "BomberMan", "BomberMan\BomberMan.vcxproj", "{687900DE-13F3-42C1-878C-8F9641D2058C}"
EndProject
Project("{8BC9CEB8-8B4A-11D0-8D11-00A0C91BC942}") = "BombermanWinsock", "BombermanWinsock\BombermanWinsock.vcxproj", "{2477B9A8-9B26-434C-9400-B2B871F2DDC9}"
EndProject
Global
	GlobalSection(SolutionConfigurationPlatforms) = preSolution
		Debug|x64 = Debug|x64
		Debug|x86 = Debug|x86
		Release|x64 = Release|x64
		Release|x86 = Release|x86
	EndGlobalSection
	GlobalSection(ProjectConfigurationPlatforms) = postSolution
		{687900DE-13F3-42C1-878C-8F9641D2058C}.Debug|x64.ActiveCfg = Debug|x64
		{687900DE-13F3-42C1-878C-8F9641D2058C}.Debug|x64.Build.0 = Debug|x64
		{687900DE-13F3-42C1-878C-8F9641D2058C}.Debug|x86.ActiveCfg = Debug|Win32
		{687900DE-13F3-42C1-878C-8F9641D2058C}.Debug|x86.Build.0 = Debug|Win32
		{687900DE-13F3-42C1-878C-8F9641D2058C}.Release|x64.ActiveCfg = Release|x64
		{687900DE-13F3-42C1-878C-8F9641D2058C}.Release|x64.Build.0 = Release|x64
		{687900DE-13F3-42C1-878C-8F9641D2058C}.Release|x86.ActiveCfg = Release|Win32
		{687900DE-13F3-42C1-878C-8F9641D2058C}.Release|x86.Build.0 = Release|Win32
		{2477B9A8-9B26-434C-9400-B2B871F2DDC9}.Debug|x64.ActiveCfg = Debug|x64
		{2477B9A8-9B26-434C-9400-B2B871F2DDC9}.Debug|x64.Build.0 = Debug|x64
		{2477B9A8-9B26-434C-9400-B2B871F2DDC9}.Debug|x86.ActiveCfg = Debug|Win32
		{2477B9A8-9B26-434C-9400-B2B871F2DDC9}.Debug|x86.Build.0 = Debug|Win32
		{2477B9A8-9B26-434C-9400-B2B871F2DDC9}.Release|x64.ActiveCfg = Release|x64
		{2477B9A8-9B26-434C-9400-B2B871F2DDC9}.Release|x64.Build.0 = Release|x64
		{2477B9A8-9B26-434C-9400-B2B871F2DDC9}.Release|x86.ActiveCfg = Release|Win32
		{2477B9A8-9B26-434C-9400-B2B871F2DDC9}.Release|x86.Build.0 = Release|Win32
	EndGlobalSection
	GlobalSection(SolutionProperties) = preSolution
		HideSolutionNode = FALSE
	EndGlobalSection
	GlobalSection(ExtensibilityGlobals) = postSolution
		SolutionGuid = {04F17009-E444-45CD-A2CE-A6D4531ADA8C}
	EndGlobalSection
EndGlobal
